// !$*UTF8*$!
{
	archiveVersion = 1;
	classes = {
	};
	objectVersion = 50;
	objects = {

/* Begin PBXBuildFile section */
		7FA213BC2379A98900970726 /* AppDelegate.swift in Sources */ = {isa = PBXBuildFile; fileRef = 7FA213BB2379A98900970726 /* AppDelegate.swift */; };
		7FA213BE2379A98900970726 /* SceneDelegate.swift in Sources */ = {isa = PBXBuildFile; fileRef = 7FA213BD2379A98900970726 /* SceneDelegate.swift */; };
		7FA213C32379A98900970726 /* Main.storyboard in Resources */ = {isa = PBXBuildFile; fileRef = 7FA213C12379A98900970726 /* Main.storyboard */; };
		7FA213C52379A98B00970726 /* Assets.xcassets in Resources */ = {isa = PBXBuildFile; fileRef = 7FA213C42379A98B00970726 /* Assets.xcassets */; };
		7FA213C82379A98B00970726 /* LaunchScreen.storyboard in Resources */ = {isa = PBXBuildFile; fileRef = 7FA213C62379A98B00970726 /* LaunchScreen.storyboard */; };
		7FA213D62379AEC200970726 /* DogListNetworkController.swift in Sources */ = {isa = PBXBuildFile; fileRef = 7FA213D52379AEC200970726 /* DogListNetworkController.swift */; };
		7FA213D82379AEEB00970726 /* RepresentativeListNetworkController.swift in Sources */ = {isa = PBXBuildFile; fileRef = 7FA213D72379AEEB00970726 /* RepresentativeListNetworkController.swift */; };
		7FA213DA2379AF0200970726 /* DogModel.swift in Sources */ = {isa = PBXBuildFile; fileRef = 7FA213D92379AF0200970726 /* DogModel.swift */; };
		7FA213DC2379AF2200970726 /* DogTableViewController.swift in Sources */ = {isa = PBXBuildFile; fileRef = 7FA213DB2379AF2200970726 /* DogTableViewController.swift */; };
		7FA213DE2379AF3500970726 /* DogListController.swift in Sources */ = {isa = PBXBuildFile; fileRef = 7FA213DD2379AF3500970726 /* DogListController.swift */; };
		7FA213E02379AF4600970726 /* RepresentativeModel.swift in Sources */ = {isa = PBXBuildFile; fileRef = 7FA213DF2379AF4600970726 /* RepresentativeModel.swift */; };
		7FA213E42379AF7300970726 /* RepresentativeListController.swift in Sources */ = {isa = PBXBuildFile; fileRef = 7FA213E32379AF7300970726 /* RepresentativeListController.swift */; };
		7FA213E82379C57000970726 /* RepresentativeTableViewController.swift in Sources */ = {isa = PBXBuildFile; fileRef = 7FA213E72379C57000970726 /* RepresentativeTableViewController.swift */; };
/* End PBXBuildFile section */

/* Begin PBXFileReference section */
		7FA213B82379A98900970726 /* APIProject.app */ = {isa = PBXFileReference; explicitFileType = wrapper.application; includeInIndex = 0; path = APIProject.app; sourceTree = BUILT_PRODUCTS_DIR; };
		7FA213BB2379A98900970726 /* AppDelegate.swift */ = {isa = PBXFileReference; lastKnownFileType = sourcecode.swift; path = AppDelegate.swift; sourceTree = "<group>"; };
		7FA213BD2379A98900970726 /* SceneDelegate.swift */ = {isa = PBXFileReference; lastKnownFileType = sourcecode.swift; path = SceneDelegate.swift; sourceTree = "<group>"; };
		7FA213C22379A98900970726 /* Base */ = {isa = PBXFileReference; lastKnownFileType = file.storyboard; name = Base; path = Base.lproj/Main.storyboard; sourceTree = "<group>"; };
		7FA213C42379A98B00970726 /* Assets.xcassets */ = {isa = PBXFileReference; lastKnownFileType = folder.assetcatalog; path = Assets.xcassets; sourceTree = "<group>"; };
		7FA213C72379A98B00970726 /* Base */ = {isa = PBXFileReference; lastKnownFileType = file.storyboard; name = Base; path = Base.lproj/LaunchScreen.storyboard; sourceTree = "<group>"; };
		7FA213C92379A98B00970726 /* Info.plist */ = {isa = PBXFileReference; lastKnownFileType = text.plist.xml; path = Info.plist; sourceTree = "<group>"; };
		7FA213D52379AEC200970726 /* DogListNetworkController.swift */ = {isa = PBXFileReference; lastKnownFileType = sourcecode.swift; path = DogListNetworkController.swift; sourceTree = "<group>"; };
		7FA213D72379AEEB00970726 /* RepresentativeListNetworkController.swift */ = {isa = PBXFileReference; lastKnownFileType = sourcecode.swift; path = RepresentativeListNetworkController.swift; sourceTree = "<group>"; };
		7FA213D92379AF0200970726 /* DogModel.swift */ = {isa = PBXFileReference; lastKnownFileType = sourcecode.swift; path = DogModel.swift; sourceTree = "<group>"; };
		7FA213DB2379AF2200970726 /* DogTableViewController.swift */ = {isa = PBXFileReference; lastKnownFileType = sourcecode.swift; path = DogTableViewController.swift; sourceTree = "<group>"; };
		7FA213DD2379AF3500970726 /* DogListController.swift */ = {isa = PBXFileReference; lastKnownFileType = sourcecode.swift; path = DogListController.swift; sourceTree = "<group>"; };
		7FA213DF2379AF4600970726 /* RepresentativeModel.swift */ = {isa = PBXFileReference; lastKnownFileType = sourcecode.swift; path = RepresentativeModel.swift; sourceTree = "<group>"; };
		7FA213E32379AF7300970726 /* RepresentativeListController.swift */ = {isa = PBXFileReference; lastKnownFileType = sourcecode.swift; path = RepresentativeListController.swift; sourceTree = "<group>"; };
		7FA213E72379C57000970726 /* RepresentativeTableViewController.swift */ = {isa = PBXFileReference; lastKnownFileType = sourcecode.swift; path = RepresentativeTableViewController.swift; sourceTree = "<group>"; };
/* End PBXFileReference section */

/* Begin PBXFrameworksBuildPhase section */
		7FA213B52379A98900970726 /* Frameworks */ = {
			isa = PBXFrameworksBuildPhase;
			buildActionMask = 2147483647;
			files = (
			);
			runOnlyForDeploymentPostprocessing = 0;
		};
/* End PBXFrameworksBuildPhase section */

/* Begin PBXGroup section */
		7FA213AF2379A98900970726 = {
			isa = PBXGroup;
			children = (
				7FA213BA2379A98900970726 /* APIProject */,
				7FA213B92379A98900970726 /* Products */,
			);
			sourceTree = "<group>";
		};
		7FA213B92379A98900970726 /* Products */ = {
			isa = PBXGroup;
			children = (
				7FA213B82379A98900970726 /* APIProject.app */,
			);
			name = Products;
			sourceTree = "<group>";
		};
		7FA213BA2379A98900970726 /* APIProject */ = {
			isa = PBXGroup;
			children = (
				7FA213E62379BA0B00970726 /* Representative */,
				7FA213E52379B9CB00970726 /* Dog */,
				7FA213BB2379A98900970726 /* AppDelegate.swift */,
				7FA213BD2379A98900970726 /* SceneDelegate.swift */,
				7FA213C12379A98900970726 /* Main.storyboard */,
				7FA213C42379A98B00970726 /* Assets.xcassets */,
				7FA213C62379A98B00970726 /* LaunchScreen.storyboard */,
				7FA213C92379A98B00970726 /* Info.plist */,
			);
			path = APIProject;
			sourceTree = "<group>";
		};
		7FA213CF2379AE1A00970726 /* Dog Model */ = {
			isa = PBXGroup;
			children = (
				7FA213D92379AF0200970726 /* DogModel.swift */,
			);
			path = "Dog Model";
			sourceTree = "<group>";
		};
		7FA213D02379AE2C00970726 /* Dog View */ = {
			isa = PBXGroup;
			children = (
				7FA213DB2379AF2200970726 /* DogTableViewController.swift */,
			);
			path = "Dog View";
			sourceTree = "<group>";
		};
		7FA213D12379AE3700970726 /* Dog Controller */ = {
			isa = PBXGroup;
			children = (
				7FA213D52379AEC200970726 /* DogListNetworkController.swift */,
				7FA213DD2379AF3500970726 /* DogListController.swift */,
			);
			path = "Dog Controller";
			sourceTree = "<group>";
		};
		7FA213D22379AE3F00970726 /* Representative Model */ = {
			isa = PBXGroup;
			children = (
				7FA213DF2379AF4600970726 /* RepresentativeModel.swift */,
			);
			path = "Representative Model";
			sourceTree = "<group>";
		};
		7FA213D32379AE5000970726 /* Representative View */ = {
			isa = PBXGroup;
			children = (
				7FA213E72379C57000970726 /* RepresentativeTableViewController.swift */,
			);
			path = "Representative View";
			sourceTree = "<group>";
		};
		7FA213D42379AE5B00970726 /* Representative Controller */ = {
			isa = PBXGroup;
			children = (
				7FA213D72379AEEB00970726 /* RepresentativeListNetworkController.swift */,
				7FA213E32379AF7300970726 /* RepresentativeListController.swift */,
			);
			path = "Representative Controller";
			sourceTree = "<group>";
		};
		7FA213E52379B9CB00970726 /* Dog */ = {
			isa = PBXGroup;
			children = (
				7FA213CF2379AE1A00970726 /* Dog Model */,
				7FA213D02379AE2C00970726 /* Dog View */,
				7FA213D12379AE3700970726 /* Dog Controller */,
			);
			path = Dog;
			sourceTree = "<group>";
		};
		7FA213E62379BA0B00970726 /* Representative */ = {
			isa = PBXGroup;
			children = (
				7FA213D22379AE3F00970726 /* Representative Model */,
				7FA213D32379AE5000970726 /* Representative View */,
				7FA213D42379AE5B00970726 /* Representative Controller */,
			);
			path = Representative;
			sourceTree = "<group>";
		};
/* End PBXGroup section */

/* Begin PBXNativeTarget section */
		7FA213B72379A98900970726 /* APIProject */ = {
			isa = PBXNativeTarget;
			buildConfigurationList = 7FA213CC2379A98B00970726 /* Build configuration list for PBXNativeTarget "APIProject" */;
			buildPhases = (
				7FA213B42379A98900970726 /* Sources */,
				7FA213B52379A98900970726 /* Frameworks */,
				7FA213B62379A98900970726 /* Resources */,
			);
			buildRules = (
			);
			dependencies = (
			);
			name = APIProject;
			productName = APIProject;
			productReference = 7FA213B82379A98900970726 /* APIProject.app */;
			productType = "com.apple.product-type.application";
		};
/* End PBXNativeTarget section */

/* Begin PBXProject section */
		7FA213B02379A98900970726 /* Project object */ = {
			isa = PBXProject;
			attributes = {
				LastSwiftUpdateCheck = 1120;
				LastUpgradeCheck = 1120;
				ORGANIZATIONNAME = "Jared Detro";
				TargetAttributes = {
					7FA213B72379A98900970726 = {
						CreatedOnToolsVersion = 11.2;
					};
				};
			};
			buildConfigurationList = 7FA213B32379A98900970726 /* Build configuration list for PBXProject "APIProject" */;
			compatibilityVersion = "Xcode 9.3";
			developmentRegion = en;
			hasScannedForEncodings = 0;
			knownRegions = (
				en,
				Base,
			);
			mainGroup = 7FA213AF2379A98900970726;
			productRefGroup = 7FA213B92379A98900970726 /* Products */;
			projectDirPath = "";
			projectRoot = "";
			targets = (
				7FA213B72379A98900970726 /* APIProject */,
			);
		};
/* End PBXProject section */

/* Begin PBXResourcesBuildPhase section */
		7FA213B62379A98900970726 /* Resources */ = {
			isa = PBXResourcesBuildPhase;
			buildActionMask = 2147483647;
			files = (
				7FA213C82379A98B00970726 /* LaunchScreen.storyboard in Resources */,
				7FA213C52379A98B00970726 /* Assets.xcassets in Resources */,
				7FA213C32379A98900970726 /* Main.storyboard in Resources */,
			);
			runOnlyForDeploymentPostprocessing = 0;
		};
/* End PBXResourcesBuildPhase section */

/* Begin PBXSourcesBuildPhase section */
		7FA213B42379A98900970726 /* Sources */ = {
			isa = PBXSourcesBuildPhase;
			buildActionMask = 2147483647;
			files = (
				7FA213E82379C57000970726 /* RepresentativeTableViewController.swift in Sources */,
				7FA213DC2379AF2200970726 /* DogTableViewController.swift in Sources */,
				7FA213BC2379A98900970726 /* AppDelegate.swift in Sources */,
				7FA213DE2379AF3500970726 /* DogListController.swift in Sources */,
				7FA213DA2379AF0200970726 /* DogModel.swift in Sources */,
				7FA213BE2379A98900970726 /* SceneDelegate.swift in Sources */,
				7FA213D62379AEC200970726 /* DogListNetworkController.swift in Sources */,
				7FA213E42379AF7300970726 /* RepresentativeListController.swift in Sources */,
				7FA213E02379AF4600970726 /* RepresentativeModel.swift in Sources */,
				7FA213D82379AEEB00970726 /* RepresentativeListNetworkController.swift in Sources */,
			);
			runOnlyForDeploymentPostprocessing = 0;
		};
/* End PBXSourcesBuildPhase section */

/* Begin PBXVariantGroup section */
		7FA213C12379A98900970726 /* Main.storyboard */ = {
			isa = PBXVariantGroup;
			children = (
				7FA213C22379A98900970726 /* Base */,
			);
			name = Main.storyboard;
			sourceTree = "<group>";
		};
		7FA213C62379A98B00970726 /* LaunchScreen.storyboard */ = {
			isa = PBXVariantGroup;
			children = (
				7FA213C72379A98B00970726 /* Base */,
			);
			name = LaunchScreen.storyboard;
			sourceTree = "<group>";
		};
/* End PBXVariantGroup section */

/* Begin XCBuildConfiguration section */
		7FA213CA2379A98B00970726 /* Debug */ = {
			isa = XCBuildConfiguration;
			buildSettings = {
				ALWAYS_SEARCH_USER_PATHS = NO;
				CLANG_ANALYZER_NONNULL = YES;
				CLANG_ANALYZER_NUMBER_OBJECT_CONVERSION = YES_AGGRESSIVE;
				CLANG_CXX_LANGUAGE_STANDARD = "gnu++14";
				CLANG_CXX_LIBRARY = "libc++";
				CLANG_ENABLE_MODULES = YES;
				CLANG_ENABLE_OBJC_ARC = YES;
				CLANG_ENABLE_OBJC_WEAK = YES;
				CLANG_WARN_BLOCK_CAPTURE_AUTORELEASING = YES;
				CLANG_WARN_BOOL_CONVERSION = YES;
				CLANG_WARN_COMMA = YES;
				CLANG_WARN_CONSTANT_CONVERSION = YES;
				CLANG_WARN_DEPRECATED_OBJC_IMPLEMENTATIONS = YES;
				CLANG_WARN_DIRECT_OBJC_ISA_USAGE = YES_ERROR;
				CLANG_WARN_DOCUMENTATION_COMMENTS = YES;
				CLANG_WARN_EMPTY_BODY = YES;
				CLANG_WARN_ENUM_CONVERSION = YES;
				CLANG_WARN_INFINITE_RECURSION = YES;
				CLANG_WARN_INT_CONVERSION = YES;
				CLANG_WARN_NON_LITERAL_NULL_CONVERSION = YES;
				CLANG_WARN_OBJC_IMPLICIT_RETAIN_SELF = YES;
				CLANG_WARN_OBJC_LITERAL_CONVERSION = YES;
				CLANG_WARN_OBJC_ROOT_CLASS = YES_ERROR;
				CLANG_WARN_RANGE_LOOP_ANALYSIS = YES;
				CLANG_WARN_STRICT_PROTOTYPES = YES;
				CLANG_WARN_SUSPICIOUS_MOVE = YES;
				CLANG_WARN_UNGUARDED_AVAILABILITY = YES_AGGRESSIVE;
				CLANG_WARN_UNREACHABLE_CODE = YES;
				CLANG_WARN__DUPLICATE_METHOD_MATCH = YES;
				COPY_PHASE_STRIP = NO;
				DEBUG_INFORMATION_FORMAT = dwarf;
				ENABLE_STRICT_OBJC_MSGSEND = YES;
				ENABLE_TESTABILITY = YES;
				GCC_C_LANGUAGE_STANDARD = gnu11;
				GCC_DYNAMIC_NO_PIC = NO;
				GCC_NO_COMMON_BLOCKS = YES;
				GCC_OPTIMIZATION_LEVEL = 0;
				GCC_PREPROCESSOR_DEFINITIONS = (
					"DEBUG=1",
					"$(inherited)",
				);
				GCC_WARN_64_TO_32_BIT_CONVERSION = YES;
				GCC_WARN_ABOUT_RETURN_TYPE = YES_ERROR;
				GCC_WARN_UNDECLARED_SELECTOR = YES;
				GCC_WARN_UNINITIALIZED_AUTOS = YES_AGGRESSIVE;
				GCC_WARN_UNUSED_FUNCTION = YES;
				GCC_WARN_UNUSED_VARIABLE = YES;
				IPHONEOS_DEPLOYMENT_TARGET = 13.2;
				MTL_ENABLE_DEBUG_INFO = INCLUDE_SOURCE;
				MTL_FAST_MATH = YES;
				ONLY_ACTIVE_ARCH = YES;
				SDKROOT = iphoneos;
				SWIFT_ACTIVE_COMPILATION_CONDITIONS = DEBUG;
				SWIFT_OPTIMIZATION_LEVEL = "-Onone";
			};
			name = Debug;
		};
		7FA213CB2379A98B00970726 /* Release */ = {
			isa = XCBuildConfiguration;
			buildSettings = {
				ALWAYS_SEARCH_USER_PATHS = NO;
				CLANG_ANALYZER_NONNULL = YES;
				CLANG_ANALYZER_NUMBER_OBJECT_CONVERSION = YES_AGGRESSIVE;
				CLANG_CXX_LANGUAGE_STANDARD = "gnu++14";
				CLANG_CXX_LIBRARY = "libc++";
				CLANG_ENABLE_MODULES = YES;
				CLANG_ENABLE_OBJC_ARC = YES;
				CLANG_ENABLE_OBJC_WEAK = YES;
				CLANG_WARN_BLOCK_CAPTURE_AUTORELEASING = YES;
				CLANG_WARN_BOOL_CONVERSION = YES;
				CLANG_WARN_COMMA = YES;
				CLANG_WARN_CONSTANT_CONVERSION = YES;
				CLANG_WARN_DEPRECATED_OBJC_IMPLEMENTATIONS = YES;
				CLANG_WARN_DIRECT_OBJC_ISA_USAGE = YES_ERROR;
				CLANG_WARN_DOCUMENTATION_COMMENTS = YES;
				CLANG_WARN_EMPTY_BODY = YES;
				CLANG_WARN_ENUM_CONVERSION = YES;
				CLANG_WARN_INFINITE_RECURSION = YES;
				CLANG_WARN_INT_CONVERSION = YES;
				CLANG_WARN_NON_LITERAL_NULL_CONVERSION = YES;
				CLANG_WARN_OBJC_IMPLICIT_RETAIN_SELF = YES;
				CLANG_WARN_OBJC_LITERAL_CONVERSION = YES;
				CLANG_WARN_OBJC_ROOT_CLASS = YES_ERROR;
				CLANG_WARN_RANGE_LOOP_ANALYSIS = YES;
				CLANG_WARN_STRICT_PROTOTYPES = YES;
				CLANG_WARN_SUSPICIOUS_MOVE = YES;
				CLANG_WARN_UNGUARDED_AVAILABILITY = YES_AGGRESSIVE;
				CLANG_WARN_UNREACHABLE_CODE = YES;
				CLANG_WARN__DUPLICATE_METHOD_MATCH = YES;
				COPY_PHASE_STRIP = NO;
				DEBUG_INFORMATION_FORMAT = "dwarf-with-dsym";
				ENABLE_NS_ASSERTIONS = NO;
				ENABLE_STRICT_OBJC_MSGSEND = YES;
				GCC_C_LANGUAGE_STANDARD = gnu11;
				GCC_NO_COMMON_BLOCKS = YES;
				GCC_WARN_64_TO_32_BIT_CONVERSION = YES;
				GCC_WARN_ABOUT_RETURN_TYPE = YES_ERROR;
				GCC_WARN_UNDECLARED_SELECTOR = YES;
				GCC_WARN_UNINITIALIZED_AUTOS = YES_AGGRESSIVE;
				GCC_WARN_UNUSED_FUNCTION = YES;
				GCC_WARN_UNUSED_VARIABLE = YES;
				IPHONEOS_DEPLOYMENT_TARGET = 13.2;
				MTL_ENABLE_DEBUG_INFO = NO;
				MTL_FAST_MATH = YES;
				SDKROOT = iphoneos;
				SWIFT_COMPILATION_MODE = wholemodule;
				SWIFT_OPTIMIZATION_LEVEL = "-O";
				VALIDATE_PRODUCT = YES;
			};
			name = Release;
		};
		7FA213CD2379A98B00970726 /* Debug */ = {
			isa = XCBuildConfiguration;
			buildSettings = {
				ASSETCATALOG_COMPILER_APPICON_NAME = AppIcon;
				CODE_SIGN_STYLE = Automatic;
				DEVELOPMENT_TEAM = 6MDNPLDFWU;
				INFOPLIST_FILE = APIProject/Info.plist;
				LD_RUNPATH_SEARCH_PATHS = (
					"$(inherited)",
					"@executable_path/Frameworks",
				);
				PRODUCT_BUNDLE_IDENTIFIER = com.example.APIProject;
				PRODUCT_NAME = "$(TARGET_NAME)";
				SWIFT_VERSION = 5.0;
				TARGETED_DEVICE_FAMILY = "1,2";
			};
			name = Debug;
		};
		7FA213CE2379A98B00970726 /* Release */ = {
			isa = XCBuildConfiguration;
			buildSettings = {
				ASSETCATALOG_COMPILER_APPICON_NAME = AppIcon;
				CODE_SIGN_STYLE = Automatic;
				DEVELOPMENT_TEAM = 6MDNPLDFWU;
				INFOPLIST_FILE = APIProject/Info.plist;
				LD_RUNPATH_SEARCH_PATHS = (
					"$(inherited)",
					"@executable_path/Frameworks",
				);
				PRODUCT_BUNDLE_IDENTIFIER = com.example.APIProject;
				PRODUCT_NAME = "$(TARGET_NAME)";
				SWIFT_VERSION = 5.0;
				TARGETED_DEVICE_FAMILY = "1,2";
			};
			name = Release;
		};
/* End XCBuildConfiguration section */

/* Begin XCConfigurationList section */
		7FA213B32379A98900970726 /* Build configuration list for PBXProject "APIProject" */ = {
			isa = XCConfigurationList;
			buildConfigurations = (
				7FA213CA2379A98B00970726 /* Debug */,
				7FA213CB2379A98B00970726 /* Release */,
			);
			defaultConfigurationIsVisible = 0;
			defaultConfigurationName = Release;
		};
		7FA213CC2379A98B00970726 /* Build configuration list for PBXNativeTarget "APIProject" */ = {
			isa = XCConfigurationList;
			buildConfigurations = (
				7FA213CD2379A98B00970726 /* Debug */,
				7FA213CE2379A98B00970726 /* Release */,
			);
			defaultConfigurationIsVisible = 0;
			defaultConfigurationName = Release;
		};
/* End XCConfigurationList section */
	};
	rootObject = 7FA213B02379A98900970726 /* Project object */;
}
